{
  "name": "personal-site",
  "version": "1.0.0",
  "lockfileVersion": 2,
  "requires": true,
  "packages": {
    "": {
      "version": "1.0.0",
      "license": "ISC",
      "dependencies": {
        "markdown-it": "^12.0.4",
        "markdown-it-anchor": "^7.1.0",
        "markdown-it-attrs": "^4.0.0",
        "markdown-it-highlightjs": "^3.4.0",
        "markdown-it-table-of-contents": "^0.5.2",
        "markdown-it-video": "^0.6.3",
        "uslug": "^1.0.4"
      }
    },
    "node_modules/argparse": {
      "version": "2.0.1",
      "resolved": "https://registry.npmjs.org/argparse/-/argparse-2.0.1.tgz",
      "integrity": "sha512-8+9WqebbFzpX9OR+Wa6O29asIogeRMzcGtAINdpMHHyAg10f05aSFVBbcEqGf/PXw1EjAZ+q2/bEBg3DvurK3Q=="
    },
    "node_modules/entities": {
      "version": "2.1.0",
      "resolved": "https://registry.npmjs.org/entities/-/entities-2.1.0.tgz",
      "integrity": "sha512-hCx1oky9PFrJ611mf0ifBLBRW8lUUVRlFolb5gWRfIELabBlbp9xZvrqZLZAs+NxFnbfQoeGd8wDkygjg7U85w==",
      "funding": {
        "url": "https://github.com/fb55/entities?sponsor=1"
      }
    },
    "node_modules/highlight.js": {
      "version": "10.5.0",
      "resolved": "https://registry.npmjs.org/highlight.js/-/highlight.js-10.5.0.tgz",
      "integrity": "sha512-xTmvd9HiIHR6L53TMC7TKolEj65zG1XU+Onr8oi86mYa+nLcIbxTTWkpW7CsEwv/vK7u1zb8alZIMLDqqN6KTw==",
      "engines": {
        "node": "*"
      }
    },
    "node_modules/linkify-it": {
      "version": "3.0.2",
      "resolved": "https://registry.npmjs.org/linkify-it/-/linkify-it-3.0.2.tgz",
      "integrity": "sha512-gDBO4aHNZS6coiZCKVhSNh43F9ioIL4JwRjLZPkoLIY4yZFwg264Y5lu2x6rb1Js42Gh6Yqm2f6L2AJcnkzinQ==",
      "dependencies": {
        "uc.micro": "^1.0.1"
      }
    },
    "node_modules/lodash.flow": {
      "version": "3.5.0",
      "resolved": "https://registry.npmjs.org/lodash.flow/-/lodash.flow-3.5.0.tgz",
      "integrity": "sha1-h79AKSuM+D5OjOGjrkIJ4gBxZ1o="
    },
    "node_modules/markdown-it": {
      "version": "12.0.4",
      "resolved": "https://registry.npmjs.org/markdown-it/-/markdown-it-12.0.4.tgz",
      "integrity": "sha512-34RwOXZT8kyuOJy25oJNJoulO8L0bTHYWXcdZBYZqFnjIy3NgjeoM3FmPXIOFQ26/lSHYMr8oc62B6adxXcb3Q==",
      "dependencies": {
        "argparse": "^2.0.1",
        "entities": "~2.1.0",
        "linkify-it": "^3.0.1",
        "mdurl": "^1.0.1",
        "uc.micro": "^1.0.5"
      },
      "bin": {
        "markdown-it": "bin/markdown-it.js"
      }
    },
    "node_modules/markdown-it-anchor": {
      "version": "7.1.0",
      "resolved": "https://registry.npmjs.org/markdown-it-anchor/-/markdown-it-anchor-7.1.0.tgz",
      "integrity": "sha512-loQggrwsIkkP7TOrESvmYkV2ikbQNNKhHcWyqC7/C2CmfHl1tkUizJJU8C5aGgg7J6oXVQJx17gk7i47tNn/lQ==",
      "peerDependencies": {
        "markdown-it": "*"
      }
    },
    "node_modules/markdown-it-attrs": {
      "version": "4.0.0",
      "resolved": "https://registry.npmjs.org/markdown-it-attrs/-/markdown-it-attrs-4.0.0.tgz",
      "integrity": "sha512-uLjtdCmhhmL3BuZsReYkFxk74qKjj5ahe34teBpOCJ4hYZZl7/ftLyXWLowngC2moRkbLEvKwN/7TMwbhbHE/A==",
      "engines": {
        "node": ">=6"
      },
      "peerDependencies": {
        "markdown-it": ">= 9.0.0 < 13.0.0"
      }
    },
    "node_modules/markdown-it-highlightjs": {
      "version": "3.4.0",
      "resolved": "https://registry.npmjs.org/markdown-it-highlightjs/-/markdown-it-highlightjs-3.4.0.tgz",
      "integrity": "sha512-JES5P8ll3Vpf6a4C0FlsaO1opOaH53Rbvphj2IAON29v33cHNUiwXBSaC+bThUiLp6m3UEZ4vv579CHSElWSdw==",
      "dependencies": {
        "highlight.js": "^10.2.0",
        "lodash.flow": "^3.5.0"
      }
    },
    "node_modules/markdown-it-table-of-contents": {
      "version": "0.5.2",
      "resolved": "https://registry.npmjs.org/markdown-it-table-of-contents/-/markdown-it-table-of-contents-0.5.2.tgz",
      "integrity": "sha512-6o+rxSwzXmXCUn1n8QGTSpgbcnHBG6lUU8x7A5Cssuq5vbfzTfitfGPvQ5PZkp+gP1NGS/DR2rkYqJPn0rbZ1A==",
      "engines": {
        "node": ">6.4.0"
      }
    },
    "node_modules/markdown-it-video": {
      "version": "0.6.3",
      "resolved": "https://registry.npmjs.org/markdown-it-video/-/markdown-it-video-0.6.3.tgz",
      "integrity": "sha512-T4th1kwy0OcvyWSN4u3rqPGxvbDclpucnVSSaH3ZacbGsAts964dxokx9s/I3GYsrDCJs4ogtEeEeVP18DQj0Q=="
    },
    "node_modules/mdurl": {
      "version": "1.0.1",
      "resolved": "https://registry.npmjs.org/mdurl/-/mdurl-1.0.1.tgz",
      "integrity": "sha1-/oWy7HWlkDfyrf7BAP1sYBdhFS4="
    },
    "node_modules/uc.micro": {
      "version": "1.0.6",
      "resolved": "https://registry.npmjs.org/uc.micro/-/uc.micro-1.0.6.tgz",
      "integrity": "sha512-8Y75pvTYkLJW2hWQHXxoqRgV7qb9B+9vFEtidML+7koHUFapnVJAZ6cKs+Qjz5Aw3aZWHMC6u0wJE3At+nSGwA=="
    },
    "node_modules/unorm": {
      "version": "1.6.0",
      "resolved": "https://registry.npmjs.org/unorm/-/unorm-1.6.0.tgz",
      "integrity": "sha512-b2/KCUlYZUeA7JFUuRJZPUtr4gZvBh7tavtv4fvk4+KV9pfGiR6CQAQAWl49ZpR3ts2dk4FYkP7EIgDJoiOLDA==",
      "engines": {
        "node": ">= 0.4.0"
      }
    },
    "node_modules/uslug": {
      "version": "1.0.4",
      "resolved": "https://registry.npmjs.org/uslug/-/uslug-1.0.4.tgz",
      "integrity": "sha1-uaIvCRTgqGFAYz2swwLl9PpFBnc=",
      "dependencies": {
        "unorm": ">= 1.0.0"
      },
      "engines": {
        "node": ">= 0.4.0"
      }
    }
  },
  "dependencies": {
    "argparse": {
      "version": "2.0.1",
      "resolved": "https://registry.npmjs.org/argparse/-/argparse-2.0.1.tgz",
      "integrity": "sha512-8+9WqebbFzpX9OR+Wa6O29asIogeRMzcGtAINdpMHHyAg10f05aSFVBbcEqGf/PXw1EjAZ+q2/bEBg3DvurK3Q=="
    },
    "entities": {
      "version": "2.1.0",
      "resolved": "https://registry.npmjs.org/entities/-/entities-2.1.0.tgz",
      "integrity": "sha512-hCx1oky9PFrJ611mf0ifBLBRW8lUUVRlFolb5gWRfIELabBlbp9xZvrqZLZAs+NxFnbfQoeGd8wDkygjg7U85w=="
    },
    "highlight.js": {
      "version": "10.5.0",
      "resolved": "https://registry.npmjs.org/highlight.js/-/highlight.js-10.5.0.tgz",
      "integrity": "sha512-xTmvd9HiIHR6L53TMC7TKolEj65zG1XU+Onr8oi86mYa+nLcIbxTTWkpW7CsEwv/vK7u1zb8alZIMLDqqN6KTw=="
    },
    "linkify-it": {
      "version": "3.0.2",
      "resolved": "https://registry.npmjs.org/linkify-it/-/linkify-it-3.0.2.tgz",
      "integrity": "sha512-gDBO4aHNZS6coiZCKVhSNh43F9ioIL4JwRjLZPkoLIY4yZFwg264Y5lu2x6rb1Js42Gh6Yqm2f6L2AJcnkzinQ==",
      "requires": {
        "uc.micro": "^1.0.1"
      }
    },
    "lodash.flow": {
      "version": "3.5.0",
      "resolved": "https://registry.npmjs.org/lodash.flow/-/lodash.flow-3.5.0.tgz",
      "integrity": "sha1-h79AKSuM+D5OjOGjrkIJ4gBxZ1o="
    },
    "markdown-it": {
      "version": "12.0.4",
      "resolved": "https://registry.npmjs.org/markdown-it/-/markdown-it-12.0.4.tgz",
      "integrity": "sha512-34RwOXZT8kyuOJy25oJNJoulO8L0bTHYWXcdZBYZqFnjIy3NgjeoM3FmPXIOFQ26/lSHYMr8oc62B6adxXcb3Q==",
      "requires": {
        "argparse": "^2.0.1",
        "entities": "~2.1.0",
        "linkify-it": "^3.0.1",
        "mdurl": "^1.0.1",
        "uc.micro": "^1.0.5"
      }
    },
    "markdown-it-anchor": {
      "version": "7.1.0",
      "resolved": "https://registry.npmjs.org/markdown-it-anchor/-/markdown-it-anchor-7.1.0.tgz",
      "integrity": "sha512-loQggrwsIkkP7TOrESvmYkV2ikbQNNKhHcWyqC7/C2CmfHl1tkUizJJU8C5aGgg7J6oXVQJx17gk7i47tNn/lQ==",
      "requires": {}
    },
    "markdown-it-attrs": {
      "version": "4.0.0",
      "resolved": "https://registry.npmjs.org/markdown-it-attrs/-/markdown-it-attrs-4.0.0.tgz",
      "integrity": "sha512-uLjtdCmhhmL3BuZsReYkFxk74qKjj5ahe34teBpOCJ4hYZZl7/ftLyXWLowngC2moRkbLEvKwN/7TMwbhbHE/A==",
      "requires": {}
    },
    "markdown-it-highlightjs": {
      "version": "3.4.0",
      "resolved": "https://registry.npmjs.org/markdown-it-highlightjs/-/markdown-it-highlightjs-3.4.0.tgz",
      "integrity": "sha512-JES5P8ll3Vpf6a4C0FlsaO1opOaH53Rbvphj2IAON29v33cHNUiwXBSaC+bThUiLp6m3UEZ4vv579CHSElWSdw==",
      "requires": {
        "highlight.js": "^10.2.0",
        "lodash.flow": "^3.5.0"
      }
    },
    "markdown-it-table-of-contents": {
      "version": "0.5.2",
      "resolved": "https://registry.npmjs.org/markdown-it-table-of-contents/-/markdown-it-table-of-contents-0.5.2.tgz",
      "integrity": "sha512-6o+rxSwzXmXCUn1n8QGTSpgbcnHBG6lUU8x7A5Cssuq5vbfzTfitfGPvQ5PZkp+gP1NGS/DR2rkYqJPn0rbZ1A=="
    },
    "markdown-it-video": {
      "version": "0.6.3",
      "resolved": "https://registry.npmjs.org/markdown-it-video/-/markdown-it-video-0.6.3.tgz",
      "integrity": "sha512-T4th1kwy0OcvyWSN4u3rqPGxvbDclpucnVSSaH3ZacbGsAts964dxokx9s/I3GYsrDCJs4ogtEeEeVP18DQj0Q=="
    },
    "mdurl": {
      "version": "1.0.1",
      "resolved": "https://registry.npmjs.org/mdurl/-/mdurl-1.0.1.tgz",
      "integrity": "sha1-/oWy7HWlkDfyrf7BAP1sYBdhFS4="
    },
    "uc.micro": {
      "version": "1.0.6",
      "resolved": "https://registry.npmjs.org/uc.micro/-/uc.micro-1.0.6.tgz",
      "integrity": "sha512-8Y75pvTYkLJW2hWQHXxoqRgV7qb9B+9vFEtidML+7koHUFapnVJAZ6cKs+Qjz5Aw3aZWHMC6u0wJE3At+nSGwA=="
    },
    "unorm": {
      "version": "1.6.0",
      "resolved": "https://registry.npmjs.org/unorm/-/unorm-1.6.0.tgz",
      "integrity": "sha512-b2/KCUlYZUeA7JFUuRJZPUtr4gZvBh7tavtv4fvk4+KV9pfGiR6CQAQAWl49ZpR3ts2dk4FYkP7EIgDJoiOLDA=="
    },
    "uslug": {
      "version": "1.0.4",
      "resolved": "https://registry.npmjs.org/uslug/-/uslug-1.0.4.tgz",
      "integrity": "sha1-uaIvCRTgqGFAYz2swwLl9PpFBnc=",
      "requires": {
        "unorm": ">= 1.0.0"
      }
    }
  }
}
