{
  "name": "personal-site",
  "version": "1.0.0",
  "lockfileVersion": 2,
  "requires": true,
  "packages": {
    "": {
      "version": "1.0.0",
      "license": "ISC",
      "dependencies": {
        "markdown-it": "^12.3.2",
        "markdown-it-anchor": "^8.4.1",
        "markdown-it-attrs": "^4.1.3",
        "markdown-it-highlightjs": "^3.6.0",
        "markdown-it-table-of-contents": "^0.6.0",
        "markdown-it-video": "^0.6.3",
        "uslug": "^1.0.4"
      }
    },
    "node_modules/@types/linkify-it": {
      "version": "3.0.2",
      "resolved": "https://registry.npmjs.org/@types/linkify-it/-/linkify-it-3.0.2.tgz",
      "integrity": "sha512-HZQYqbiFVWufzCwexrvh694SOim8z2d+xJl5UNamcvQFejLY/2YUtzXHYi3cHdI7PMlS8ejH2slRAOJQ32aNbA==",
      "peer": true
    },
    "node_modules/@types/markdown-it": {
      "version": "12.2.3",
      "resolved": "https://registry.npmjs.org/@types/markdown-it/-/markdown-it-12.2.3.tgz",
      "integrity": "sha512-GKMHFfv3458yYy+v/N8gjufHO6MSZKCOXpZc5GXIWWy8uldwfmPn98vp81gZ5f9SVw8YYBctgfJ22a2d7AOMeQ==",
      "peer": true,
      "dependencies": {
        "@types/linkify-it": "*",
        "@types/mdurl": "*"
      }
    },
    "node_modules/@types/mdurl": {
      "version": "1.0.2",
      "resolved": "https://registry.npmjs.org/@types/mdurl/-/mdurl-1.0.2.tgz",
      "integrity": "sha512-eC4U9MlIcu2q0KQmXszyn5Akca/0jrQmwDRgpAMJai7qBWq4amIQhZyNau4VYGtCeALvW1/NtjzJJ567aZxfKA==",
      "peer": true
    },
    "node_modules/argparse": {
      "version": "2.0.1",
      "resolved": "https://registry.npmjs.org/argparse/-/argparse-2.0.1.tgz",
      "integrity": "sha512-8+9WqebbFzpX9OR+Wa6O29asIogeRMzcGtAINdpMHHyAg10f05aSFVBbcEqGf/PXw1EjAZ+q2/bEBg3DvurK3Q=="
    },
    "node_modules/entities": {
      "version": "2.1.0",
      "resolved": "https://registry.npmjs.org/entities/-/entities-2.1.0.tgz",
      "integrity": "sha512-hCx1oky9PFrJ611mf0ifBLBRW8lUUVRlFolb5gWRfIELabBlbp9xZvrqZLZAs+NxFnbfQoeGd8wDkygjg7U85w==",
      "funding": {
        "url": "https://github.com/fb55/entities?sponsor=1"
      }
    },
    "node_modules/highlight.js": {
      "version": "11.4.0",
      "resolved": "https://registry.npmjs.org/highlight.js/-/highlight.js-11.4.0.tgz",
      "integrity": "sha512-nawlpCBCSASs7EdvZOYOYVkJpGmAOKMYZgZtUqSRqodZE0GRVcFKwo1RcpeOemqh9hyttTdd5wDBwHkuSyUfnA==",
      "engines": {
        "node": ">=12.0.0"
      }
    },
    "node_modules/linkify-it": {
      "version": "3.0.2",
      "resolved": "https://registry.npmjs.org/linkify-it/-/linkify-it-3.0.2.tgz",
      "integrity": "sha512-gDBO4aHNZS6coiZCKVhSNh43F9ioIL4JwRjLZPkoLIY4yZFwg264Y5lu2x6rb1Js42Gh6Yqm2f6L2AJcnkzinQ==",
      "dependencies": {
        "uc.micro": "^1.0.1"
      }
    },
    "node_modules/lodash.flow": {
      "version": "3.5.0",
      "resolved": "https://registry.npmjs.org/lodash.flow/-/lodash.flow-3.5.0.tgz",
      "integrity": "sha1-h79AKSuM+D5OjOGjrkIJ4gBxZ1o="
    },
    "node_modules/markdown-it": {
      "version": "12.3.2",
      "resolved": "https://registry.npmjs.org/markdown-it/-/markdown-it-12.3.2.tgz",
      "integrity": "sha512-TchMembfxfNVpHkbtriWltGWc+m3xszaRD0CZup7GFFhzIgQqxIfn3eGj1yZpfuflzPvfkt611B2Q/Bsk1YnGg==",
      "dependencies": {
        "argparse": "^2.0.1",
        "entities": "~2.1.0",
        "linkify-it": "^3.0.1",
        "mdurl": "^1.0.1",
        "uc.micro": "^1.0.5"
      },
      "bin": {
        "markdown-it": "bin/markdown-it.js"
      }
    },
    "node_modules/markdown-it-anchor": {
      "version": "8.4.1",
      "resolved": "https://registry.npmjs.org/markdown-it-anchor/-/markdown-it-anchor-8.4.1.tgz",
      "integrity": "sha512-sLODeRetZ/61KkKLJElaU3NuU2z7MhXf12Ml1WJMSdwpngeofneCRF+JBbat8HiSqhniOMuTemXMrsI7hA6XyA==",
      "peerDependencies": {
        "@types/markdown-it": "*",
        "markdown-it": "*"
      }
    },
    "node_modules/markdown-it-attrs": {
      "version": "4.1.3",
      "resolved": "https://registry.npmjs.org/markdown-it-attrs/-/markdown-it-attrs-4.1.3.tgz",
      "integrity": "sha512-d5yg/lzQV2KFI/4LPsZQB3uxQrf0/l2/RnMPCPm4lYLOZUSmFlpPccyojnzaHkfQpAD8wBHfnfUW0aMhpKOS2g==",
      "engines": {
        "node": ">=6"
      },
      "peerDependencies": {
        "markdown-it": ">= 9.0.0 < 13.0.0"
      }
    },
    "node_modules/markdown-it-highlightjs": {
      "version": "3.6.0",
      "resolved": "https://registry.npmjs.org/markdown-it-highlightjs/-/markdown-it-highlightjs-3.6.0.tgz",
      "integrity": "sha512-ex+Lq3cVkprh0GpGwFyc53A/rqY6GGzopPCG1xMsf8Ya3XtGC8Uw9tChN1rWbpyDae7tBBhVHVcMM29h4Btamw==",
      "dependencies": {
        "highlight.js": "^11.3.1",
        "lodash.flow": "^3.5.0"
      }
    },
    "node_modules/markdown-it-table-of-contents": {
      "version": "0.6.0",
      "resolved": "https://registry.npmjs.org/markdown-it-table-of-contents/-/markdown-it-table-of-contents-0.6.0.tgz",
      "integrity": "sha512-jHvEjZVEibyW97zEYg19mZCIXO16lHbvRaPDkEuOfMPBmzlI7cYczMZLMfUvwkhdOVQpIxu3gx6mgaw46KsNsQ==",
      "engines": {
        "node": ">6.4.0"
      }
    },
    "node_modules/markdown-it-video": {
      "version": "0.6.3",
      "resolved": "https://registry.npmjs.org/markdown-it-video/-/markdown-it-video-0.6.3.tgz",
      "integrity": "sha512-T4th1kwy0OcvyWSN4u3rqPGxvbDclpucnVSSaH3ZacbGsAts964dxokx9s/I3GYsrDCJs4ogtEeEeVP18DQj0Q=="
    },
    "node_modules/mdurl": {
      "version": "1.0.1",
      "resolved": "https://registry.npmjs.org/mdurl/-/mdurl-1.0.1.tgz",
      "integrity": "sha1-/oWy7HWlkDfyrf7BAP1sYBdhFS4="
    },
    "node_modules/uc.micro": {
      "version": "1.0.6",
      "resolved": "https://registry.npmjs.org/uc.micro/-/uc.micro-1.0.6.tgz",
      "integrity": "sha512-8Y75pvTYkLJW2hWQHXxoqRgV7qb9B+9vFEtidML+7koHUFapnVJAZ6cKs+Qjz5Aw3aZWHMC6u0wJE3At+nSGwA=="
    },
    "node_modules/unorm": {
      "version": "1.6.0",
      "resolved": "https://registry.npmjs.org/unorm/-/unorm-1.6.0.tgz",
      "integrity": "sha512-b2/KCUlYZUeA7JFUuRJZPUtr4gZvBh7tavtv4fvk4+KV9pfGiR6CQAQAWl49ZpR3ts2dk4FYkP7EIgDJoiOLDA==",
      "engines": {
        "node": ">= 0.4.0"
      }
    },
    "node_modules/uslug": {
      "version": "1.0.4",
      "resolved": "https://registry.npmjs.org/uslug/-/uslug-1.0.4.tgz",
      "integrity": "sha1-uaIvCRTgqGFAYz2swwLl9PpFBnc=",
      "dependencies": {
        "unorm": ">= 1.0.0"
      },
      "engines": {
        "node": ">= 0.4.0"
      }
    }
  },
  "dependencies": {
    "@types/linkify-it": {
      "version": "3.0.2",
      "resolved": "https://registry.npmjs.org/@types/linkify-it/-/linkify-it-3.0.2.tgz",
      "integrity": "sha512-HZQYqbiFVWufzCwexrvh694SOim8z2d+xJl5UNamcvQFejLY/2YUtzXHYi3cHdI7PMlS8ejH2slRAOJQ32aNbA==",
      "peer": true
    },
    "@types/markdown-it": {
      "version": "12.2.3",
      "resolved": "https://registry.npmjs.org/@types/markdown-it/-/markdown-it-12.2.3.tgz",
      "integrity": "sha512-GKMHFfv3458yYy+v/N8gjufHO6MSZKCOXpZc5GXIWWy8uldwfmPn98vp81gZ5f9SVw8YYBctgfJ22a2d7AOMeQ==",
      "peer": true,
      "requires": {
        "@types/linkify-it": "*",
        "@types/mdurl": "*"
      }
    },
    "@types/mdurl": {
      "version": "1.0.2",
      "resolved": "https://registry.npmjs.org/@types/mdurl/-/mdurl-1.0.2.tgz",
      "integrity": "sha512-eC4U9MlIcu2q0KQmXszyn5Akca/0jrQmwDRgpAMJai7qBWq4amIQhZyNau4VYGtCeALvW1/NtjzJJ567aZxfKA==",
      "peer": true
    },
    "argparse": {
      "version": "2.0.1",
      "resolved": "https://registry.npmjs.org/argparse/-/argparse-2.0.1.tgz",
      "integrity": "sha512-8+9WqebbFzpX9OR+Wa6O29asIogeRMzcGtAINdpMHHyAg10f05aSFVBbcEqGf/PXw1EjAZ+q2/bEBg3DvurK3Q=="
    },
    "entities": {
      "version": "2.1.0",
      "resolved": "https://registry.npmjs.org/entities/-/entities-2.1.0.tgz",
      "integrity": "sha512-hCx1oky9PFrJ611mf0ifBLBRW8lUUVRlFolb5gWRfIELabBlbp9xZvrqZLZAs+NxFnbfQoeGd8wDkygjg7U85w=="
    },
    "highlight.js": {
      "version": "11.4.0",
      "resolved": "https://registry.npmjs.org/highlight.js/-/highlight.js-11.4.0.tgz",
      "integrity": "sha512-nawlpCBCSASs7EdvZOYOYVkJpGmAOKMYZgZtUqSRqodZE0GRVcFKwo1RcpeOemqh9hyttTdd5wDBwHkuSyUfnA=="
    },
    "linkify-it": {
      "version": "3.0.2",
      "resolved": "https://registry.npmjs.org/linkify-it/-/linkify-it-3.0.2.tgz",
      "integrity": "sha512-gDBO4aHNZS6coiZCKVhSNh43F9ioIL4JwRjLZPkoLIY4yZFwg264Y5lu2x6rb1Js42Gh6Yqm2f6L2AJcnkzinQ==",
      "requires": {
        "uc.micro": "^1.0.1"
      }
    },
    "lodash.flow": {
      "version": "3.5.0",
      "resolved": "https://registry.npmjs.org/lodash.flow/-/lodash.flow-3.5.0.tgz",
      "integrity": "sha1-h79AKSuM+D5OjOGjrkIJ4gBxZ1o="
    },
    "markdown-it": {
      "version": "12.3.2",
      "resolved": "https://registry.npmjs.org/markdown-it/-/markdown-it-12.3.2.tgz",
      "integrity": "sha512-TchMembfxfNVpHkbtriWltGWc+m3xszaRD0CZup7GFFhzIgQqxIfn3eGj1yZpfuflzPvfkt611B2Q/Bsk1YnGg==",
      "requires": {
        "argparse": "^2.0.1",
        "entities": "~2.1.0",
        "linkify-it": "^3.0.1",
        "mdurl": "^1.0.1",
        "uc.micro": "^1.0.5"
      }
    },
    "markdown-it-anchor": {
      "version": "8.4.1",
      "resolved": "https://registry.npmjs.org/markdown-it-anchor/-/markdown-it-anchor-8.4.1.tgz",
      "integrity": "sha512-sLODeRetZ/61KkKLJElaU3NuU2z7MhXf12Ml1WJMSdwpngeofneCRF+JBbat8HiSqhniOMuTemXMrsI7hA6XyA==",
      "requires": {}
    },
    "markdown-it-attrs": {
      "version": "4.1.3",
      "resolved": "https://registry.npmjs.org/markdown-it-attrs/-/markdown-it-attrs-4.1.3.tgz",
      "integrity": "sha512-d5yg/lzQV2KFI/4LPsZQB3uxQrf0/l2/RnMPCPm4lYLOZUSmFlpPccyojnzaHkfQpAD8wBHfnfUW0aMhpKOS2g==",
      "requires": {}
    },
    "markdown-it-highlightjs": {
      "version": "3.6.0",
      "resolved": "https://registry.npmjs.org/markdown-it-highlightjs/-/markdown-it-highlightjs-3.6.0.tgz",
      "integrity": "sha512-ex+Lq3cVkprh0GpGwFyc53A/rqY6GGzopPCG1xMsf8Ya3XtGC8Uw9tChN1rWbpyDae7tBBhVHVcMM29h4Btamw==",
      "requires": {
        "highlight.js": "^11.3.1",
        "lodash.flow": "^3.5.0"
      }
    },
    "markdown-it-table-of-contents": {
      "version": "0.6.0",
      "resolved": "https://registry.npmjs.org/markdown-it-table-of-contents/-/markdown-it-table-of-contents-0.6.0.tgz",
      "integrity": "sha512-jHvEjZVEibyW97zEYg19mZCIXO16lHbvRaPDkEuOfMPBmzlI7cYczMZLMfUvwkhdOVQpIxu3gx6mgaw46KsNsQ=="
    },
    "markdown-it-video": {
      "version": "0.6.3",
      "resolved": "https://registry.npmjs.org/markdown-it-video/-/markdown-it-video-0.6.3.tgz",
      "integrity": "sha512-T4th1kwy0OcvyWSN4u3rqPGxvbDclpucnVSSaH3ZacbGsAts964dxokx9s/I3GYsrDCJs4ogtEeEeVP18DQj0Q=="
    },
    "mdurl": {
      "version": "1.0.1",
      "resolved": "https://registry.npmjs.org/mdurl/-/mdurl-1.0.1.tgz",
      "integrity": "sha1-/oWy7HWlkDfyrf7BAP1sYBdhFS4="
    },
    "uc.micro": {
      "version": "1.0.6",
      "resolved": "https://registry.npmjs.org/uc.micro/-/uc.micro-1.0.6.tgz",
      "integrity": "sha512-8Y75pvTYkLJW2hWQHXxoqRgV7qb9B+9vFEtidML+7koHUFapnVJAZ6cKs+Qjz5Aw3aZWHMC6u0wJE3At+nSGwA=="
    },
    "unorm": {
      "version": "1.6.0",
      "resolved": "https://registry.npmjs.org/unorm/-/unorm-1.6.0.tgz",
      "integrity": "sha512-b2/KCUlYZUeA7JFUuRJZPUtr4gZvBh7tavtv4fvk4+KV9pfGiR6CQAQAWl49ZpR3ts2dk4FYkP7EIgDJoiOLDA=="
    },
    "uslug": {
      "version": "1.0.4",
      "resolved": "https://registry.npmjs.org/uslug/-/uslug-1.0.4.tgz",
      "integrity": "sha1-uaIvCRTgqGFAYz2swwLl9PpFBnc=",
      "requires": {
        "unorm": ">= 1.0.0"
      }
    }
  }
}
